// !$*UTF8*$!
{
	archiveVersion = 1;
	classes = {
	};
	objectVersion = 50;
	objects = {

/* Begin PBXBuildFile section */
		1899FC6225340AE40064168F /* AppDelegate.swift in Sources */ = {isa = PBXBuildFile; fileRef = 1899FC6125340AE40064168F /* AppDelegate.swift */; };
		1899FC6425340AE40064168F /* ViewController.swift in Sources */ = {isa = PBXBuildFile; fileRef = 1899FC6325340AE40064168F /* ViewController.swift */; };
		1899FC6725340AE40064168F /* Main.storyboard in Resources */ = {isa = PBXBuildFile; fileRef = 1899FC6525340AE40064168F /* Main.storyboard */; };
		1899FC6925340AE40064168F /* Assets.xcassets in Resources */ = {isa = PBXBuildFile; fileRef = 1899FC6825340AE40064168F /* Assets.xcassets */; };
		1899FC6C25340AE40064168F /* LaunchScreen.storyboard in Resources */ = {isa = PBXBuildFile; fileRef = 1899FC6A25340AE40064168F /* LaunchScreen.storyboard */; };
		1899FC7725340AE40064168F /* PracticeCartsTests.swift in Sources */ = {isa = PBXBuildFile; fileRef = 1899FC7625340AE40064168F /* PracticeCartsTests.swift */; };
		1899FC8225340AE50064168F /* PracticeCartsUITests.swift in Sources */ = {isa = PBXBuildFile; fileRef = 1899FC8125340AE50064168F /* PracticeCartsUITests.swift */; };
/* End PBXBuildFile section */

/* Begin PBXContainerItemProxy section */
		1899FC7325340AE40064168F /* PBXContainerItemProxy */ = {
			isa = PBXContainerItemProxy;
			containerPortal = 1899FC5625340AE40064168F /* Project object */;
			proxyType = 1;
			remoteGlobalIDString = 1899FC5D25340AE40064168F;
			remoteInfo = PracticeCarts;
		};
		1899FC7E25340AE50064168F /* PBXContainerItemProxy */ = {
			isa = PBXContainerItemProxy;
			containerPortal = 1899FC5625340AE40064168F /* Project object */;
			proxyType = 1;
			remoteGlobalIDString = 1899FC5D25340AE40064168F;
			remoteInfo = PracticeCarts;
		};
/* End PBXContainerItemProxy section */

/* Begin PBXFileReference section */
		1899FC5E25340AE40064168F /* PracticeCarts.app */ = {isa = PBXFileReference; explicitFileType = wrapper.application; includeInIndex = 0; path = PracticeCarts.app; sourceTree = BUILT_PRODUCTS_DIR; };
		1899FC6125340AE40064168F /* AppDelegate.swift */ = {isa = PBXFileReference; lastKnownFileType = sourcecode.swift; path = AppDelegate.swift; sourceTree = "<group>"; };
		1899FC6325340AE40064168F /* ViewController.swift */ = {isa = PBXFileReference; lastKnownFileType = sourcecode.swift; path = ViewController.swift; sourceTree = "<group>"; };
		1899FC6625340AE40064168F /* Base */ = {isa = PBXFileReference; lastKnownFileType = file.storyboard; name = Base; path = Base.lproj/Main.storyboard; sourceTree = "<group>"; };
		1899FC6825340AE40064168F /* Assets.xcassets */ = {isa = PBXFileReference; lastKnownFileType = folder.assetcatalog; path = Assets.xcassets; sourceTree = "<group>"; };
		1899FC6B25340AE40064168F /* Base */ = {isa = PBXFileReference; lastKnownFileType = file.storyboard; name = Base; path = Base.lproj/LaunchScreen.storyboard; sourceTree = "<group>"; };
		1899FC6D25340AE40064168F /* Info.plist */ = {isa = PBXFileReference; lastKnownFileType = text.plist.xml; path = Info.plist; sourceTree = "<group>"; };
		1899FC7225340AE40064168F /* PracticeCartsTests.xctest */ = {isa = PBXFileReference; explicitFileType = wrapper.cfbundle; includeInIndex = 0; path = PracticeCartsTests.xctest; sourceTree = BUILT_PRODUCTS_DIR; };
		1899FC7625340AE40064168F /* PracticeCartsTests.swift */ = {isa = PBXFileReference; lastKnownFileType = sourcecode.swift; path = PracticeCartsTests.swift; sourceTree = "<group>"; };
		1899FC7825340AE50064168F /* Info.plist */ = {isa = PBXFileReference; lastKnownFileType = text.plist.xml; path = Info.plist; sourceTree = "<group>"; };
		1899FC7D25340AE50064168F /* PracticeCartsUITests.xctest */ = {isa = PBXFileReference; explicitFileType = wrapper.cfbundle; includeInIndex = 0; path = PracticeCartsUITests.xctest; sourceTree = BUILT_PRODUCTS_DIR; };
		1899FC8125340AE50064168F /* PracticeCartsUITests.swift */ = {isa = PBXFileReference; lastKnownFileType = sourcecode.swift; path = PracticeCartsUITests.swift; sourceTree = "<group>"; };
		1899FC8325340AE50064168F /* Info.plist */ = {isa = PBXFileReference; lastKnownFileType = text.plist.xml; path = Info.plist; sourceTree = "<group>"; };
/* End PBXFileReference section */

/* Begin PBXFrameworksBuildPhase section */
		1899FC5B25340AE40064168F /* Frameworks */ = {
			isa = PBXFrameworksBuildPhase;
			buildActionMask = 2147483647;
			files = (
			);
			runOnlyForDeploymentPostprocessing = 0;
		};
		1899FC6F25340AE40064168F /* Frameworks */ = {
			isa = PBXFrameworksBuildPhase;
			buildActionMask = 2147483647;
			files = (
			);
			runOnlyForDeploymentPostprocessing = 0;
		};
		1899FC7A25340AE50064168F /* Frameworks */ = {
			isa = PBXFrameworksBuildPhase;
			buildActionMask = 2147483647;
			files = (
			);
			runOnlyForDeploymentPostprocessing = 0;
		};
/* End PBXFrameworksBuildPhase section */

/* Begin PBXGroup section */
		1899FC5525340AE40064168F = {
			isa = PBXGroup;
			children = (
				1899FC6025340AE40064168F /* PracticeCarts */,
				1899FC7525340AE40064168F /* PracticeCartsTests */,
				1899FC8025340AE50064168F /* PracticeCartsUITests */,
				1899FC5F25340AE40064168F /* Products */,
			);
			sourceTree = "<group>";
		};
		1899FC5F25340AE40064168F /* Products */ = {
			isa = PBXGroup;
			children = (
				1899FC5E25340AE40064168F /* PracticeCarts.app */,
				1899FC7225340AE40064168F /* PracticeCartsTests.xctest */,
				1899FC7D25340AE50064168F /* PracticeCartsUITests.xctest */,
			);
			name = Products;
			sourceTree = "<group>";
		};
		1899FC6025340AE40064168F /* PracticeCarts */ = {
			isa = PBXGroup;
			children = (
				1899FC6125340AE40064168F /* AppDelegate.swift */,
				1899FC6325340AE40064168F /* ViewController.swift */,
				1899FC6525340AE40064168F /* Main.storyboard */,
				1899FC6825340AE40064168F /* Assets.xcassets */,
				1899FC6A25340AE40064168F /* LaunchScreen.storyboard */,
				1899FC6D25340AE40064168F /* Info.plist */,
			);
			path = PracticeCarts;
			sourceTree = "<group>";
		};
		1899FC7525340AE40064168F /* PracticeCartsTests */ = {
			isa = PBXGroup;
			children = (
				1899FC7625340AE40064168F /* PracticeCartsTests.swift */,
				1899FC7825340AE50064168F /* Info.plist */,
			);
			path = PracticeCartsTests;
			sourceTree = "<group>";
		};
		1899FC8025340AE50064168F /* PracticeCartsUITests */ = {
			isa = PBXGroup;
			children = (
				1899FC8125340AE50064168F /* PracticeCartsUITests.swift */,
				1899FC8325340AE50064168F /* Info.plist */,
			);
			path = PracticeCartsUITests;
			sourceTree = "<group>";
		};
/* End PBXGroup section */

/* Begin PBXNativeTarget section */
		1899FC5D25340AE40064168F /* PracticeCarts */ = {
			isa = PBXNativeTarget;
			buildConfigurationList = 1899FC8625340AE50064168F /* Build configuration list for PBXNativeTarget "PracticeCarts" */;
			buildPhases = (
				1899FC5A25340AE40064168F /* Sources */,
				1899FC5B25340AE40064168F /* Frameworks */,
				1899FC5C25340AE40064168F /* Resources */,
			);
			buildRules = (
			);
			dependencies = (
			);
			name = PracticeCarts;
			productName = PracticeCarts;
			productReference = 1899FC5E25340AE40064168F /* PracticeCarts.app */;
			productType = "com.apple.product-type.application";
		};
		1899FC7125340AE40064168F /* PracticeCartsTests */ = {
			isa = PBXNativeTarget;
			buildConfigurationList = 1899FC8925340AE50064168F /* Build configuration list for PBXNativeTarget "PracticeCartsTests" */;
			buildPhases = (
				1899FC6E25340AE40064168F /* Sources */,
				1899FC6F25340AE40064168F /* Frameworks */,
				1899FC7025340AE40064168F /* Resources */,
			);
			buildRules = (
			);
			dependencies = (
				1899FC7425340AE40064168F /* PBXTargetDependency */,
			);
			name = PracticeCartsTests;
			productName = PracticeCartsTests;
			productReference = 1899FC7225340AE40064168F /* PracticeCartsTests.xctest */;
			productType = "com.apple.product-type.bundle.unit-test";
		};
		1899FC7C25340AE50064168F /* PracticeCartsUITests */ = {
			isa = PBXNativeTarget;
			buildConfigurationList = 1899FC8C25340AE50064168F /* Build configuration list for PBXNativeTarget "PracticeCartsUITests" */;
			buildPhases = (
				1899FC7925340AE50064168F /* Sources */,
				1899FC7A25340AE50064168F /* Frameworks */,
				1899FC7B25340AE50064168F /* Resources */,
			);
			buildRules = (
			);
			dependencies = (
				1899FC7F25340AE50064168F /* PBXTargetDependency */,
			);
			name = PracticeCartsUITests;
			productName = PracticeCartsUITests;
			productReference = 1899FC7D25340AE50064168F /* PracticeCartsUITests.xctest */;
			productType = "com.apple.product-type.bundle.ui-testing";
		};
/* End PBXNativeTarget section */

/* Begin PBXProject section */
		1899FC5625340AE40064168F /* Project object */ = {
			isa = PBXProject;
			attributes = {
				LastSwiftUpdateCheck = 1020;
				LastUpgradeCheck = 1020;
				ORGANIZATIONNAME = Apple;
				TargetAttributes = {
					1899FC5D25340AE40064168F = {
						CreatedOnToolsVersion = 10.2;
					};
					1899FC7125340AE40064168F = {
						CreatedOnToolsVersion = 10.2;
						TestTargetID = 1899FC5D25340AE40064168F;
					};
					1899FC7C25340AE50064168F = {
						CreatedOnToolsVersion = 10.2;
						TestTargetID = 1899FC5D25340AE40064168F;
					};
				};
			};
			buildConfigurationList = 1899FC5925340AE40064168F /* Build configuration list for PBXProject "PracticeCarts" */;
			compatibilityVersion = "Xcode 9.3";
			developmentRegion = en;
			hasScannedForEncodings = 0;
			knownRegions = (
				en,
				Base,
			);
			mainGroup = 1899FC5525340AE40064168F;
			productRefGroup = 1899FC5F25340AE40064168F /* Products */;
			projectDirPath = "";
			projectRoot = "";
			targets = (
				1899FC5D25340AE40064168F /* PracticeCarts */,
				1899FC7125340AE40064168F /* PracticeCartsTests */,
				1899FC7C25340AE50064168F /* PracticeCartsUITests */,
			);
		};
/* End PBXProject section */

/* Begin PBXResourcesBuildPhase section */
		1899FC5C25340AE40064168F /* Resources */ = {
			isa = PBXResourcesBuildPhase;
			buildActionMask = 2147483647;
			files = (
				1899FC6C25340AE40064168F /* LaunchScreen.storyboard in Resources */,
				1899FC6925340AE40064168F /* Assets.xcassets in Resources */,
				1899FC6725340AE40064168F /* Main.storyboard in Resources */,
			);
			runOnlyForDeploymentPostprocessing = 0;
		};
		1899FC7025340AE40064168F /* Resources */ = {
			isa = PBXResourcesBuildPhase;
			buildActionMask = 2147483647;
			files = (
			);
			runOnlyForDeploymentPostprocessing = 0;
		};
		1899FC7B25340AE50064168F /* Resources */ = {
			isa = PBXResourcesBuildPhase;
			buildActionMask = 2147483647;
			files = (
			);
			runOnlyForDeploymentPostprocessing = 0;
		};
/* End PBXResourcesBuildPhase section */

/* Begin PBXSourcesBuildPhase section */
		1899FC5A25340AE40064168F /* Sources */ = {
			isa = PBXSourcesBuildPhase;
			buildActionMask = 2147483647;
			files = (
				1899FC6425340AE40064168F /* ViewController.swift in Sources */,
				1899FC6225340AE40064168F /* AppDelegate.swift in Sources */,
			);
			runOnlyForDeploymentPostprocessing = 0;
		};
		1899FC6E25340AE40064168F /* Sources */ = {
			isa = PBXSourcesBuildPhase;
			buildActionMask = 2147483647;
			files = (
				1899FC7725340AE40064168F /* PracticeCartsTests.swift in Sources */,
			);
			runOnlyForDeploymentPostprocessing = 0;
		};
		1899FC7925340AE50064168F /* Sources */ = {
			isa = PBXSourcesBuildPhase;
			buildActionMask = 2147483647;
			files = (
				1899FC8225340AE50064168F /* PracticeCartsUITests.swift in Sources */,
			);
			runOnlyForDeploymentPostprocessing = 0;
		};
/* End PBXSourcesBuildPhase section */

/* Begin PBXTargetDependency section */
		1899FC7425340AE40064168F /* PBXTargetDependency */ = {
			isa = PBXTargetDependency;
			target = 1899FC5D25340AE40064168F /* PracticeCarts */;
			targetProxy = 1899FC7325340AE40064168F /* PBXContainerItemProxy */;
		};
		1899FC7F25340AE50064168F /* PBXTargetDependency */ = {
			isa = PBXTargetDependency;
			target = 1899FC5D25340AE40064168F /* PracticeCarts */;
			targetProxy = 1899FC7E25340AE50064168F /* PBXContainerItemProxy */;
		};
/* End PBXTargetDependency section */

/* Begin PBXVariantGroup section */
		1899FC6525340AE40064168F /* Main.storyboard */ = {
			isa = PBXVariantGroup;
			children = (
				1899FC6625340AE40064168F /* Base */,
			);
			name = Main.storyboard;
			sourceTree = "<group>";
		};
		1899FC6A25340AE40064168F /* LaunchScreen.storyboard */ = {
			isa = PBXVariantGroup;
			children = (
				1899FC6B25340AE40064168F /* Base */,
			);
			name = LaunchScreen.storyboard;
			sourceTree = "<group>";
		};
/* End PBXVariantGroup section */

/* Begin XCBuildConfiguration section */
		1899FC8425340AE50064168F /* Debug */ = {
			isa = XCBuildConfiguration;
			buildSettings = {
				ALWAYS_SEARCH_USER_PATHS = NO;
				CLANG_ANALYZER_NONNULL = YES;
				CLANG_ANALYZER_NUMBER_OBJECT_CONVERSION = YES_AGGRESSIVE;
				CLANG_CXX_LANGUAGE_STANDARD = "gnu++14";
				CLANG_CXX_LIBRARY = "libc++";
				CLANG_ENABLE_MODULES = YES;
				CLANG_ENABLE_OBJC_ARC = YES;
				CLANG_ENABLE_OBJC_WEAK = YES;
				CLANG_WARN_BLOCK_CAPTURE_AUTORELEASING = YES;
				CLANG_WARN_BOOL_CONVERSION = YES;
				CLANG_WARN_COMMA = YES;
				CLANG_WARN_CONSTANT_CONVERSION = YES;
				CLANG_WARN_DEPRECATED_OBJC_IMPLEMENTATIONS = YES;
				CLANG_WARN_DIRECT_OBJC_ISA_USAGE = YES_ERROR;
				CLANG_WARN_DOCUMENTATION_COMMENTS = YES;
				CLANG_WARN_EMPTY_BODY = YES;
				CLANG_WARN_ENUM_CONVERSION = YES;
				CLANG_WARN_INFINITE_RECURSION = YES;
				CLANG_WARN_INT_CONVERSION = YES;
				CLANG_WARN_NON_LITERAL_NULL_CONVERSION = YES;
				CLANG_WARN_OBJC_IMPLICIT_RETAIN_SELF = YES;
				CLANG_WARN_OBJC_LITERAL_CONVERSION = YES;
				CLANG_WARN_OBJC_ROOT_CLASS = YES_ERROR;
				CLANG_WARN_RANGE_LOOP_ANALYSIS = YES;
				CLANG_WARN_STRICT_PROTOTYPES = YES;
				CLANG_WARN_SUSPICIOUS_MOVE = YES;
				CLANG_WARN_UNGUARDED_AVAILABILITY = YES_AGGRESSIVE;
				CLANG_WARN_UNREACHABLE_CODE = YES;
				CLANG_WARN__DUPLICATE_METHOD_MATCH = YES;
				CODE_SIGN_IDENTITY = "iPhone Developer";
				COPY_PHASE_STRIP = NO;
				DEBUG_INFORMATION_FORMAT = dwarf;
				ENABLE_STRICT_OBJC_MSGSEND = YES;
				ENABLE_TESTABILITY = YES;
				GCC_C_LANGUAGE_STANDARD = gnu11;
				GCC_DYNAMIC_NO_PIC = NO;
				GCC_NO_COMMON_BLOCKS = YES;
				GCC_OPTIMIZATION_LEVEL = 0;
				GCC_PREPROCESSOR_DEFINITIONS = (
					"DEBUG=1",
					"$(inherited)",
				);
				GCC_WARN_64_TO_32_BIT_CONVERSION = YES;
				GCC_WARN_ABOUT_RETURN_TYPE = YES_ERROR;
				GCC_WARN_UNDECLARED_SELECTOR = YES;
				GCC_WARN_UNINITIALIZED_AUTOS = YES_AGGRESSIVE;
				GCC_WARN_UNUSED_FUNCTION = YES;
				GCC_WARN_UNUSED_VARIABLE = YES;
				IPHONEOS_DEPLOYMENT_TARGET = 12.2;
				MTL_ENABLE_DEBUG_INFO = INCLUDE_SOURCE;
				MTL_FAST_MATH = YES;
				ONLY_ACTIVE_ARCH = YES;
				SDKROOT = iphoneos;
				SWIFT_ACTIVE_COMPILATION_CONDITIONS = DEBUG;
				SWIFT_OPTIMIZATION_LEVEL = "-Onone";
			};
			name = Debug;
		};
		1899FC8525340AE50064168F /* Release */ = {
			isa = XCBuildConfiguration;
			buildSettings = {
				ALWAYS_SEARCH_USER_PATHS = NO;
				CLANG_ANALYZER_NONNULL = YES;
				CLANG_ANALYZER_NUMBER_OBJECT_CONVERSION = YES_AGGRESSIVE;
				CLANG_CXX_LANGUAGE_STANDARD = "gnu++14";
				CLANG_CXX_LIBRARY = "libc++";
				CLANG_ENABLE_MODULES = YES;
				CLANG_ENABLE_OBJC_ARC = YES;
				CLANG_ENABLE_OBJC_WEAK = YES;
				CLANG_WARN_BLOCK_CAPTURE_AUTORELEASING = YES;
				CLANG_WARN_BOOL_CONVERSION = YES;
				CLANG_WARN_COMMA = YES;
				CLANG_WARN_CONSTANT_CONVERSION = YES;
				CLANG_WARN_DEPRECATED_OBJC_IMPLEMENTATIONS = YES;
				CLANG_WARN_DIRECT_OBJC_ISA_USAGE = YES_ERROR;
				CLANG_WARN_DOCUMENTATION_COMMENTS = YES;
				CLANG_WARN_EMPTY_BODY = YES;
				CLANG_WARN_ENUM_CONVERSION = YES;
				CLANG_WARN_INFINITE_RECURSION = YES;
				CLANG_WARN_INT_CONVERSION = YES;
				CLANG_WARN_NON_LITERAL_NULL_CONVERSION = YES;
				CLANG_WARN_OBJC_IMPLICIT_RETAIN_SELF = YES;
				CLANG_WARN_OBJC_LITERAL_CONVERSION = YES;
				CLANG_WARN_OBJC_ROOT_CLASS = YES_ERROR;
				CLANG_WARN_RANGE_LOOP_ANALYSIS = YES;
				CLANG_WARN_STRICT_PROTOTYPES = YES;
				CLANG_WARN_SUSPICIOUS_MOVE = YES;
				CLANG_WARN_UNGUARDED_AVAILABILITY = YES_AGGRESSIVE;
				CLANG_WARN_UNREACHABLE_CODE = YES;
				CLANG_WARN__DUPLICATE_METHOD_MATCH = YES;
				CODE_SIGN_IDENTITY = "iPhone Developer";
				COPY_PHASE_STRIP = NO;
				DEBUG_INFORMATION_FORMAT = "dwarf-with-dsym";
				ENABLE_NS_ASSERTIONS = NO;
				ENABLE_STRICT_OBJC_MSGSEND = YES;
				GCC_C_LANGUAGE_STANDARD = gnu11;
				GCC_NO_COMMON_BLOCKS = YES;
				GCC_WARN_64_TO_32_BIT_CONVERSION = YES;
				GCC_WARN_ABOUT_RETURN_TYPE = YES_ERROR;
				GCC_WARN_UNDECLARED_SELECTOR = YES;
				GCC_WARN_UNINITIALIZED_AUTOS = YES_AGGRESSIVE;
				GCC_WARN_UNUSED_FUNCTION = YES;
				GCC_WARN_UNUSED_VARIABLE = YES;
				IPHONEOS_DEPLOYMENT_TARGET = 12.2;
				MTL_ENABLE_DEBUG_INFO = NO;
				MTL_FAST_MATH = YES;
				SDKROOT = iphoneos;
				SWIFT_COMPILATION_MODE = wholemodule;
				SWIFT_OPTIMIZATION_LEVEL = "-O";
				VALIDATE_PRODUCT = YES;
			};
			name = Release;
		};
		1899FC8725340AE50064168F /* Debug */ = {
			isa = XCBuildConfiguration;
			buildSettings = {
				ASSETCATALOG_COMPILER_APPICON_NAME = AppIcon;
				CODE_SIGN_STYLE = Automatic;
				INFOPLIST_FILE = PracticeCarts/Info.plist;
				LD_RUNPATH_SEARCH_PATHS = (
					"$(inherited)",
					"@executable_path/Frameworks",
				);
				PRODUCT_BUNDLE_IDENTIFIER = Abhishekvats.PracticeCarts;
				PRODUCT_NAME = "$(TARGET_NAME)";
				SWIFT_VERSION = 5.0;
				TARGETED_DEVICE_FAMILY = "1,2";
			};
			name = Debug;
		};
		1899FC8825340AE50064168F /* Release */ = {
			isa = XCBuildConfiguration;
			buildSettings = {
				ASSETCATALOG_COMPILER_APPICON_NAME = AppIcon;
				CODE_SIGN_STYLE = Automatic;
				INFOPLIST_FILE = PracticeCarts/Info.plist;
				LD_RUNPATH_SEARCH_PATHS = (
					"$(inherited)",
					"@executable_path/Frameworks",
				);
				PRODUCT_BUNDLE_IDENTIFIER = Abhishekvats.PracticeCarts;
				PRODUCT_NAME = "$(TARGET_NAME)";
				SWIFT_VERSION = 5.0;
				TARGETED_DEVICE_FAMILY = "1,2";
			};
			name = Release;
		};
		1899FC8A25340AE50064168F /* Debug */ = {
			isa = XCBuildConfiguration;
			buildSettings = {
				ALWAYS_EMBED_SWIFT_STANDARD_LIBRARIES = YES;
				BUNDLE_LOADER = "$(TEST_HOST)";
				CODE_SIGN_STYLE = Automatic;
				INFOPLIST_FILE = PracticeCartsTests/Info.plist;
				LD_RUNPATH_SEARCH_PATHS = (
					"$(inherited)",
					"@executable_path/Frameworks",
					"@loader_path/Frameworks",
				);
				PRODUCT_BUNDLE_IDENTIFIER = Abhishekvats.PracticeCartsTests;
				PRODUCT_NAME = "$(TARGET_NAME)";
				SWIFT_VERSION = 5.0;
				TARGETED_DEVICE_FAMILY = "1,2";
				TEST_HOST = "$(BUILT_PRODUCTS_DIR)/PracticeCarts.app/PracticeCarts";
			};
			name = Debug;
		};
		1899FC8B25340AE50064168F /* Release */ = {
			isa = XCBuildConfiguration;
			buildSettings = {
				ALWAYS_EMBED_SWIFT_STANDARD_LIBRARIES = YES;
				BUNDLE_LOADER = "$(TEST_HOST)";
				CODE_SIGN_STYLE = Automatic;
				INFOPLIST_FILE = PracticeCartsTests/Info.plist;
				LD_RUNPATH_SEARCH_PATHS = (
					"$(inherited)",
					"@executable_path/Frameworks",
					"@loader_path/Frameworks",
				);
				PRODUCT_BUNDLE_IDENTIFIER = Abhishekvats.PracticeCartsTests;
				PRODUCT_NAME = "$(TARGET_NAME)";
				SWIFT_VERSION = 5.0;
				TARGETED_DEVICE_FAMILY = "1,2";
				TEST_HOST = "$(BUILT_PRODUCTS_DIR)/PracticeCarts.app/PracticeCarts";
			};
			name = Release;
		};
		1899FC8D25340AE50064168F /* Debug */ = {
			isa = XCBuildConfiguration;
			buildSettings = {
				ALWAYS_EMBED_SWIFT_STANDARD_LIBRARIES = YES;
				CODE_SIGN_STYLE = Automatic;
				INFOPLIST_FILE = PracticeCartsUITests/Info.plist;
				LD_RUNPATH_SEARCH_PATHS = (
					"$(inherited)",
					"@executable_path/Frameworks",
					"@loader_path/Frameworks",
				);
				PRODUCT_BUNDLE_IDENTIFIER = Abhishekvats.PracticeCartsUITests;
				PRODUCT_NAME = "$(TARGET_NAME)";
				SWIFT_VERSION = 5.0;
				TARGETED_DEVICE_FAMILY = "1,2";
				TEST_TARGET_NAME = PracticeCarts;
			};
			name = Debug;
		};
		1899FC8E25340AE50064168F /* Release */ = {
			isa = XCBuildConfiguration;
			buildSettings = {
				ALWAYS_EMBED_SWIFT_STANDARD_LIBRARIES = YES;
				CODE_SIGN_STYLE = Automatic;
				INFOPLIST_FILE = PracticeCartsUITests/Info.plist;
				LD_RUNPATH_SEARCH_PATHS = (
					"$(inherited)",
					"@executable_path/Frameworks",
					"@loader_path/Frameworks",
				);
				PRODUCT_BUNDLE_IDENTIFIER = Abhishekvats.PracticeCartsUITests;
				PRODUCT_NAME = "$(TARGET_NAME)";
				SWIFT_VERSION = 5.0;
				TARGETED_DEVICE_FAMILY = "1,2";
				TEST_TARGET_NAME = PracticeCarts;
			};
			name = Release;
		};
/* End XCBuildConfiguration section */

/* Begin XCConfigurationList section */
		1899FC5925340AE40064168F /* Build configuration list for PBXProject "PracticeCarts" */ = {
			isa = XCConfigurationList;
			buildConfigurations = (
				1899FC8425340AE50064168F /* Debug */,
				1899FC8525340AE50064168F /* Release */,
			);
			defaultConfigurationIsVisible = 0;
			defaultConfigurationName = Release;
		};
		1899FC8625340AE50064168F /* Build configuration list for PBXNativeTarget "PracticeCarts" */ = {
			isa = XCConfigurationList;
			buildConfigurations = (
				1899FC8725340AE50064168F /* Debug */,
				1899FC8825340AE50064168F /* Release */,
			);
			defaultConfigurationIsVisible = 0;
			defaultConfigurationName = Release;
		};
		1899FC8925340AE50064168F /* Build configuration list for PBXNativeTarget "PracticeCartsTests" */ = {
			isa = XCConfigurationList;
			buildConfigurations = (
				1899FC8A25340AE50064168F /* Debug */,
				1899FC8B25340AE50064168F /* Release */,
			);
			defaultConfigurationIsVisible = 0;
			defaultConfigurationName = Release;
		};
		1899FC8C25340AE50064168F /* Build configuration list for PBXNativeTarget "PracticeCartsUITests" */ = {
			isa = XCConfigurationList;
			buildConfigurations = (
				1899FC8D25340AE50064168F /* Debug */,
				1899FC8E25340AE50064168F /* Release */,
			);
			defaultConfigurationIsVisible = 0;
			defaultConfigurationName = Release;
		};
/* End XCConfigurationList section */
	};
	rootObject = 1899FC5625340AE40064168F /* Project object */;
}
